
Microsoft Visual Studio Solution File, Format Version 12.00
# Visual Studio Version 17
VisualStudioVersion = 17.9.34728.123
MinimumVisualStudioVersion = 10.0.40219.1
Project("{FAE04EC0-301F-11D3-BF4B-00C04F79EFBC}") = "HireHatchServer", "HireHatchServer.csproj", "{F57B90C4-1653-4D7B-9649-359FC7724B12}"
EndProject
Project("{FAE04EC0-301F-11D3-BF4B-00C04F79EFBC}") = "HireHatchServer.Tests", "..\HireHatchServer.Tests\HireHatchServer.Tests.csproj", "{B40C5CEF-E0DC-432A-8308-DAAC09D0E974}"
EndProject
Global
	GlobalSection(SolutionConfigurationPlatforms) = preSolution
		Debug|Any CPU = Debug|Any CPU
		Release|Any CPU = Release|Any CPU
	EndGlobalSection
	GlobalSection(ProjectConfigurationPlatforms) = postSolution
		{F57B90C4-1653-4D7B-9649-359FC7724B12}.Debug|Any CPU.ActiveCfg = Debug|Any CPU
		{F57B90C4-1653-4D7B-9649-359FC7724B12}.Debug|Any CPU.Build.0 = Debug|Any CPU
		{F57B90C4-1653-4D7B-9649-359FC7724B12}.Release|Any CPU.ActiveCfg = Release|Any CPU
		{F57B90C4-1653-4D7B-9649-359FC7724B12}.Release|Any CPU.Build.0 = Release|Any CPU
		{B40C5CEF-E0DC-432A-8308-DAAC09D0E974}.Debug|Any CPU.ActiveCfg = Debug|Any CPU
		{B40C5CEF-E0DC-432A-8308-DAAC09D0E974}.Debug|Any CPU.Build.0 = Debug|Any CPU
		{B40C5CEF-E0DC-432A-8308-DAAC09D0E974}.Release|Any CPU.ActiveCfg = Release|Any CPU
		{B40C5CEF-E0DC-432A-8308-DAAC09D0E974}.Release|Any CPU.Build.0 = Release|Any CPU
	EndGlobalSection
	GlobalSection(SolutionProperties) = preSolution
		HideSolutionNode = FALSE
	EndGlobalSection
	GlobalSection(ExtensibilityGlobals) = postSolution
		SolutionGuid = {5E256010-F5EF-41E3-BD42-CC4A97D1B78F}
	EndGlobalSection
EndGlobal
